
Microsoft Visual Studio Solution File, Format Version 12.00
# Visual Studio 15
VisualStudioVersion = 15.0.28307.271
MinimumVisualStudioVersion = 10.0.40219.1
Project("{FAE04EC0-301F-11D3-BF4B-00C04F79EFBC}") = "HW3107_ContentPresenter_FlightSystem", "HW3107_ContentPresenter_FlightSystem\HW3107_ContentPresenter_FlightSystem.csproj", "{F24A90EC-56D6-4458-B014-1BF64C55F33E}"
EndProject
Global
	GlobalSection(SolutionConfigurationPlatforms) = preSolution
		Debug|Any CPU = Debug|Any CPU
		Release|Any CPU = Release|Any CPU
	EndGlobalSection
	GlobalSection(ProjectConfigurationPlatforms) = postSolution
		{F24A90EC-56D6-4458-B014-1BF64C55F33E}.Debug|Any CPU.ActiveCfg = Debug|Any CPU
		{F24A90EC-56D6-4458-B014-1BF64C55F33E}.Debug|Any CPU.Build.0 = Debug|Any CPU
		{F24A90EC-56D6-4458-B014-1BF64C55F33E}.Release|Any CPU.ActiveCfg = Release|Any CPU
		{F24A90EC-56D6-4458-B014-1BF64C55F33E}.Release|Any CPU.Build.0 = Release|Any CPU
	EndGlobalSection
	GlobalSection(SolutionProperties) = preSolution
		HideSolutionNode = FALSE
	EndGlobalSection
	GlobalSection(ExtensibilityGlobals) = postSolution
		SolutionGuid = {84D16C64-C731-4D8C-BF8B-E5FE18CA8E53}
	EndGlobalSection
EndGlobal
